
Microsoft Visual Studio Solution File, Format Version 12.00
# Visual Studio Version 17
VisualStudioVersion = 17.1.32421.90
MinimumVisualStudioVersion = 10.0.40219.1
Project("{FAE04EC0-301F-11D3-BF4B-00C04F79EFBC}") = "Detect-DomainAdmin-Change", "Detect-DomainAdmin-Change.csproj", "{1B41C75C-8D3B-4B8C-910E-2D9D49E62AA0}"
EndProject
Global
	GlobalSection(SolutionConfigurationPlatforms) = preSolution
		Debug|Any CPU = Debug|Any CPU
		Release|Any CPU = Release|Any CPU
	EndGlobalSection
	GlobalSection(ProjectConfigurationPlatforms) = postSolution
		{1B41C75C-8D3B-4B8C-910E-2D9D49E62AA0}.Debug|Any CPU.ActiveCfg = Debug|Any CPU
		{1B41C75C-8D3B-4B8C-910E-2D9D49E62AA0}.Debug|Any CPU.Build.0 = Debug|Any CPU
		{1B41C75C-8D3B-4B8C-910E-2D9D49E62AA0}.Release|Any CPU.ActiveCfg = Release|Any CPU
		{1B41C75C-8D3B-4B8C-910E-2D9D49E62AA0}.Release|Any CPU.Build.0 = Release|Any CPU
	EndGlobalSection
	GlobalSection(SolutionProperties) = preSolution
		HideSolutionNode = FALSE
	EndGlobalSection
	GlobalSection(ExtensibilityGlobals) = postSolution
		SolutionGuid = {60560C56-A961-4DB3-B301-249BCEC261C1}
	EndGlobalSection
EndGlobal
